{
  "requires": true,
  "lockfileVersion": 1,
  "dependencies": {
    "little-calculator": {
      "version": "1.1.0",
      "resolved": "https://registry.npmjs.org/little-calculator/-/little-calculator-1.1.0.tgz",
      "integrity": "sha512-+kunCvpZYMmtENVUvR/cxJ+VAGUrQxHAwExMJ1rMaqx4O7JJJgG0qRO7zK4viVa2UmGC9M4zi9kb9+sVTBs6Pg=="
    }
  }
}
